
Microsoft Visual Studio Solution File, Format Version 12.00
# Visual Studio Version 17
VisualStudioVersion = 17.14.36408.4
MinimumVisualStudioVersion = 10.0.40219.1
Project("{2150E333-8FDC-42A3-9474-1A3956D46DE8}") = "Backend", "Backend", "{02EA681E-C7D8-13C7-8484-4AC65E1B71E8}"
EndProject
Project("{2150E333-8FDC-42A3-9474-1A3956D46DE8}") = "Frontend", "Frontend", "{7D5932B5-2849-4AE0-A784-29E6867EC6DC}"
EndProject
Project("{FAE04EC0-301F-11D3-BF4B-00C04F79EFBC}") = "src", "Frontend\src\src.csproj", "{08AE4459-B141-4B9C-931E-EC2DC81CC8D3}"
EndProject
Project("{FAE04EC0-301F-11D3-BF4B-00C04F79EFBC}") = "Domain", "Domain\Domain.csproj", "{588318E0-C3B5-4555-B126-90143FBD06CC}"
EndProject
Project("{2150E333-8FDC-42A3-9474-1A3956D46DE8}") = "Src", "Src", "{A12BAB18-6EA9-44D7-AC84-3C26D3A62E71}"
EndProject
Project("{FAE04EC0-301F-11D3-BF4B-00C04F79EFBC}") = "Application", "Backend\Src\Application\Application.csproj", "{9F706DF5-65B9-475C-BD27-1205192253AE}"
EndProject
Project("{FAE04EC0-301F-11D3-BF4B-00C04F79EFBC}") = "Infra", "Backend\Src\Infra\Infra.csproj", "{D4F016AD-AC81-4FCC-8583-5D72E504AD89}"
EndProject
Project("{FAE04EC0-301F-11D3-BF4B-00C04F79EFBC}") = "Api", "Backend\Src\Api\Api.csproj", "{A091E201-32F0-4A31-A89D-709FB22ECFF7}"
EndProject
Project("{2150E333-8FDC-42A3-9474-1A3956D46DE8}") = "Solution Items", "Solution Items", "{8EC462FD-D22E-90A8-E5CE-7E832BA40C5D}"
	ProjectSection(SolutionItems) = preProject
		.gitignore = .gitignore
	EndProjectSection
EndProject
Global
	GlobalSection(SolutionConfigurationPlatforms) = preSolution
		Debug|Any CPU = Debug|Any CPU
		Release|Any CPU = Release|Any CPU
	EndGlobalSection
	GlobalSection(ProjectConfigurationPlatforms) = postSolution
		{08AE4459-B141-4B9C-931E-EC2DC81CC8D3}.Debug|Any CPU.ActiveCfg = Debug|Any CPU
		{08AE4459-B141-4B9C-931E-EC2DC81CC8D3}.Debug|Any CPU.Build.0 = Debug|Any CPU
		{08AE4459-B141-4B9C-931E-EC2DC81CC8D3}.Release|Any CPU.ActiveCfg = Release|Any CPU
		{08AE4459-B141-4B9C-931E-EC2DC81CC8D3}.Release|Any CPU.Build.0 = Release|Any CPU
		{588318E0-C3B5-4555-B126-90143FBD06CC}.Debug|Any CPU.ActiveCfg = Debug|Any CPU
		{588318E0-C3B5-4555-B126-90143FBD06CC}.Debug|Any CPU.Build.0 = Debug|Any CPU
		{588318E0-C3B5-4555-B126-90143FBD06CC}.Release|Any CPU.ActiveCfg = Release|Any CPU
		{588318E0-C3B5-4555-B126-90143FBD06CC}.Release|Any CPU.Build.0 = Release|Any CPU
		{9F706DF5-65B9-475C-BD27-1205192253AE}.Debug|Any CPU.ActiveCfg = Debug|Any CPU
		{9F706DF5-65B9-475C-BD27-1205192253AE}.Debug|Any CPU.Build.0 = Debug|Any CPU
		{9F706DF5-65B9-475C-BD27-1205192253AE}.Release|Any CPU.ActiveCfg = Release|Any CPU
		{9F706DF5-65B9-475C-BD27-1205192253AE}.Release|Any CPU.Build.0 = Release|Any CPU
		{D4F016AD-AC81-4FCC-8583-5D72E504AD89}.Debug|Any CPU.ActiveCfg = Debug|Any CPU
		{D4F016AD-AC81-4FCC-8583-5D72E504AD89}.Debug|Any CPU.Build.0 = Debug|Any CPU
		{D4F016AD-AC81-4FCC-8583-5D72E504AD89}.Release|Any CPU.ActiveCfg = Release|Any CPU
		{D4F016AD-AC81-4FCC-8583-5D72E504AD89}.Release|Any CPU.Build.0 = Release|Any CPU
		{A091E201-32F0-4A31-A89D-709FB22ECFF7}.Debug|Any CPU.ActiveCfg = Debug|Any CPU
		{A091E201-32F0-4A31-A89D-709FB22ECFF7}.Debug|Any CPU.Build.0 = Debug|Any CPU
		{A091E201-32F0-4A31-A89D-709FB22ECFF7}.Release|Any CPU.ActiveCfg = Release|Any CPU
		{A091E201-32F0-4A31-A89D-709FB22ECFF7}.Release|Any CPU.Build.0 = Release|Any CPU
	EndGlobalSection
	GlobalSection(SolutionProperties) = preSolution
		HideSolutionNode = FALSE
	EndGlobalSection
	GlobalSection(NestedProjects) = preSolution
		{08AE4459-B141-4B9C-931E-EC2DC81CC8D3} = {7D5932B5-2849-4AE0-A784-29E6867EC6DC}
		{A12BAB18-6EA9-44D7-AC84-3C26D3A62E71} = {02EA681E-C7D8-13C7-8484-4AC65E1B71E8}
		{9F706DF5-65B9-475C-BD27-1205192253AE} = {A12BAB18-6EA9-44D7-AC84-3C26D3A62E71}
		{D4F016AD-AC81-4FCC-8583-5D72E504AD89} = {A12BAB18-6EA9-44D7-AC84-3C26D3A62E71}
		{A091E201-32F0-4A31-A89D-709FB22ECFF7} = {A12BAB18-6EA9-44D7-AC84-3C26D3A62E71}
	EndGlobalSection
	GlobalSection(ExtensibilityGlobals) = postSolution
		SolutionGuid = {9AEB7567-7AEC-4FA9-8254-18918EEC8AAC}
	EndGlobalSection
EndGlobal
